
Microsoft Visual Studio Solution File, Format Version 12.00
# Visual Studio Version 17
VisualStudioVersion = 17.3.32929.385
MinimumVisualStudioVersion = 10.0.40219.1
Project("{8BC9CEB8-8B4A-11D0-8D11-00A0C91BC942}") = "Vjezba5", "Vjezba5\Vjezba5.vcxproj", "{04B72745-CC7C-4BBB-9320-7C098D48DC50}"
EndProject
Global
	GlobalSection(SolutionConfigurationPlatforms) = preSolution
		Debug|x64 = Debug|x64
		Debug|x86 = Debug|x86
		Release|x64 = Release|x64
		Release|x86 = Release|x86
	EndGlobalSection
	GlobalSection(ProjectConfigurationPlatforms) = postSolution
		{04B72745-CC7C-4BBB-9320-7C098D48DC50}.Debug|x64.ActiveCfg = Debug|x64
		{04B72745-CC7C-4BBB-9320-7C098D48DC50}.Debug|x64.Build.0 = Debug|x64
		{04B72745-CC7C-4BBB-9320-7C098D48DC50}.Debug|x86.ActiveCfg = Debug|Win32
		{04B72745-CC7C-4BBB-9320-7C098D48DC50}.Debug|x86.Build.0 = Debug|Win32
		{04B72745-CC7C-4BBB-9320-7C098D48DC50}.Release|x64.ActiveCfg = Release|x64
		{04B72745-CC7C-4BBB-9320-7C098D48DC50}.Release|x64.Build.0 = Release|x64
		{04B72745-CC7C-4BBB-9320-7C098D48DC50}.Release|x86.ActiveCfg = Release|Win32
		{04B72745-CC7C-4BBB-9320-7C098D48DC50}.Release|x86.Build.0 = Release|Win32
	EndGlobalSection
	GlobalSection(SolutionProperties) = preSolution
		HideSolutionNode = FALSE
	EndGlobalSection
	GlobalSection(ExtensibilityGlobals) = postSolution
		SolutionGuid = {4BDFDD93-21CC-4E22-9466-FF22253AE96F}
	EndGlobalSection
EndGlobal
